
Microsoft Visual Studio Solution File, Format Version 12.00
# Visual Studio Version 17
VisualStudioVersion = 17.11.35208.52
MinimumVisualStudioVersion = 10.0.40219.1
Project("{FAE04EC0-301F-11D3-BF4B-00C04F79EFBC}") = "DunGym Quest", "DunGym Quest.csproj", "{7243D8E9-33C9-4BAB-88A8-B6123344A111}"
EndProject
Global
	GlobalSection(SolutionConfigurationPlatforms) = preSolution
		Debug|Any CPU = Debug|Any CPU
		Release|Any CPU = Release|Any CPU
	EndGlobalSection
	GlobalSection(ProjectConfigurationPlatforms) = postSolution
		{7243D8E9-33C9-4BAB-88A8-B6123344A111}.Debug|Any CPU.ActiveCfg = Debug|Any CPU
		{7243D8E9-33C9-4BAB-88A8-B6123344A111}.Debug|Any CPU.Build.0 = Debug|Any CPU
		{7243D8E9-33C9-4BAB-88A8-B6123344A111}.Release|Any CPU.ActiveCfg = Release|Any CPU
		{7243D8E9-33C9-4BAB-88A8-B6123344A111}.Release|Any CPU.Build.0 = Release|Any CPU
	EndGlobalSection
	GlobalSection(SolutionProperties) = preSolution
		HideSolutionNode = FALSE
	EndGlobalSection
	GlobalSection(ExtensibilityGlobals) = postSolution
		SolutionGuid = {F8092AC0-AB93-4C35-8DB0-BC9713CC0662}
	EndGlobalSection
EndGlobal
